// !$*UTF8*$!
{
	archiveVersion = 1;
	classes = {
	};
	objectVersion = 46;
	objects = {

/* Begin PBXBuildFile section */
		BCCFBE761D1FA98600A981CB /* AppDelegate.swift in Sources */ = {isa = PBXBuildFile; fileRef = BCCFBE751D1FA98600A981CB /* AppDelegate.swift */; };
		BCCFBE781D1FA98600A981CB /* ViewController.swift in Sources */ = {isa = PBXBuildFile; fileRef = BCCFBE771D1FA98600A981CB /* ViewController.swift */; };
		BCCFBE7B1D1FA98600A981CB /* Main.storyboard in Resources */ = {isa = PBXBuildFile; fileRef = BCCFBE791D1FA98600A981CB /* Main.storyboard */; };
		BCCFBE7D1D1FA98600A981CB /* Assets.xcassets in Resources */ = {isa = PBXBuildFile; fileRef = BCCFBE7C1D1FA98600A981CB /* Assets.xcassets */; };
		BCCFBE801D1FA98600A981CB /* LaunchScreen.storyboard in Resources */ = {isa = PBXBuildFile; fileRef = BCCFBE7E1D1FA98600A981CB /* LaunchScreen.storyboard */; };
		BCCFBE8A1D1FAA5100A981CB /* InfoViewController.swift in Sources */ = {isa = PBXBuildFile; fileRef = BCCFBE891D1FAA5100A981CB /* InfoViewController.swift */; };
		BCCFBE8F1D1FAA5800A981CB /* ColorPalette.swift in Sources */ = {isa = PBXBuildFile; fileRef = BCCFBE8B1D1FAA5800A981CB /* ColorPalette.swift */; };
		BCCFBE901D1FAA5800A981CB /* JsonResponse.swift in Sources */ = {isa = PBXBuildFile; fileRef = BCCFBE8C1D1FAA5800A981CB /* JsonResponse.swift */; };
		BCCFBE911D1FAA5800A981CB /* Reachability.swift in Sources */ = {isa = PBXBuildFile; fileRef = BCCFBE8D1D1FAA5800A981CB /* Reachability.swift */; };
		BCCFBE921D1FAA5800A981CB /* WiFiUSBNetworker.swift in Sources */ = {isa = PBXBuildFile; fileRef = BCCFBE8E1D1FAA5800A981CB /* WiFiUSBNetworker.swift */; };
		BCCFBE991D1FAA6200A981CB /* FadeLabel.swift in Sources */ = {isa = PBXBuildFile; fileRef = BCCFBE931D1FAA6200A981CB /* FadeLabel.swift */; };
		BCCFBE9A1D1FAA6200A981CB /* GlowingButton.swift in Sources */ = {isa = PBXBuildFile; fileRef = BCCFBE941D1FAA6200A981CB /* GlowingButton.swift */; };
		BCCFBE9B1D1FAA6200A981CB /* HyperlinkLabel.swift in Sources */ = {isa = PBXBuildFile; fileRef = BCCFBE951D1FAA6200A981CB /* HyperlinkLabel.swift */; };
		BCCFBE9C1D1FAA6200A981CB /* RadialGradientButton.swift in Sources */ = {isa = PBXBuildFile; fileRef = BCCFBE961D1FAA6200A981CB /* RadialGradientButton.swift */; };
		BCCFBE9D1D1FAA6200A981CB /* RadialGradientColor.swift in Sources */ = {isa = PBXBuildFile; fileRef = BCCFBE971D1FAA6200A981CB /* RadialGradientColor.swift */; };
		BCCFBE9E1D1FAA6200A981CB /* UIExtensions.swift in Sources */ = {isa = PBXBuildFile; fileRef = BCCFBE981D1FAA6200A981CB /* UIExtensions.swift */; };
/* End PBXBuildFile section */

/* Begin PBXFileReference section */
		BCCFBE721D1FA98600A981CB /* WiFi-USB.app */ = {isa = PBXFileReference; explicitFileType = wrapper.application; includeInIndex = 0; path = "WiFi-USB.app"; sourceTree = BUILT_PRODUCTS_DIR; };
		BCCFBE751D1FA98600A981CB /* AppDelegate.swift */ = {isa = PBXFileReference; lastKnownFileType = sourcecode.swift; path = AppDelegate.swift; sourceTree = "<group>"; };
		BCCFBE771D1FA98600A981CB /* ViewController.swift */ = {isa = PBXFileReference; lastKnownFileType = sourcecode.swift; path = ViewController.swift; sourceTree = "<group>"; };
		BCCFBE7A1D1FA98600A981CB /* Base */ = {isa = PBXFileReference; lastKnownFileType = file.storyboard; name = Base; path = Base.lproj/Main.storyboard; sourceTree = "<group>"; };
		BCCFBE7C1D1FA98600A981CB /* Assets.xcassets */ = {isa = PBXFileReference; lastKnownFileType = folder.assetcatalog; path = Assets.xcassets; sourceTree = "<group>"; };
		BCCFBE7F1D1FA98600A981CB /* Base */ = {isa = PBXFileReference; lastKnownFileType = file.storyboard; name = Base; path = Base.lproj/LaunchScreen.storyboard; sourceTree = "<group>"; };
		BCCFBE811D1FA98600A981CB /* Info.plist */ = {isa = PBXFileReference; lastKnownFileType = text.plist.xml; path = Info.plist; sourceTree = "<group>"; };
		BCCFBE891D1FAA5100A981CB /* InfoViewController.swift */ = {isa = PBXFileReference; fileEncoding = 4; lastKnownFileType = sourcecode.swift; path = InfoViewController.swift; sourceTree = "<group>"; };
		BCCFBE8B1D1FAA5800A981CB /* ColorPalette.swift */ = {isa = PBXFileReference; fileEncoding = 4; lastKnownFileType = sourcecode.swift; name = ColorPalette.swift; path = Model/ColorPalette.swift; sourceTree = "<group>"; };
		BCCFBE8C1D1FAA5800A981CB /* JsonResponse.swift */ = {isa = PBXFileReference; fileEncoding = 4; lastKnownFileType = sourcecode.swift; name = JsonResponse.swift; path = Model/JsonResponse.swift; sourceTree = "<group>"; };
		BCCFBE8D1D1FAA5800A981CB /* Reachability.swift */ = {isa = PBXFileReference; fileEncoding = 4; lastKnownFileType = sourcecode.swift; name = Reachability.swift; path = Model/Reachability.swift; sourceTree = "<group>"; };
		BCCFBE8E1D1FAA5800A981CB /* WiFiUSBNetworker.swift */ = {isa = PBXFileReference; fileEncoding = 4; lastKnownFileType = sourcecode.swift; name = WiFiUSBNetworker.swift; path = Model/WiFiUSBNetworker.swift; sourceTree = "<group>"; };
		BCCFBE931D1FAA6200A981CB /* FadeLabel.swift */ = {isa = PBXFileReference; fileEncoding = 4; lastKnownFileType = sourcecode.swift; name = FadeLabel.swift; path = "UI Components/FadeLabel.swift"; sourceTree = "<group>"; };
		BCCFBE941D1FAA6200A981CB /* GlowingButton.swift */ = {isa = PBXFileReference; fileEncoding = 4; lastKnownFileType = sourcecode.swift; name = GlowingButton.swift; path = "UI Components/GlowingButton.swift"; sourceTree = "<group>"; };
		BCCFBE951D1FAA6200A981CB /* HyperlinkLabel.swift */ = {isa = PBXFileReference; fileEncoding = 4; lastKnownFileType = sourcecode.swift; name = HyperlinkLabel.swift; path = "UI Components/HyperlinkLabel.swift"; sourceTree = "<group>"; };
		BCCFBE961D1FAA6200A981CB /* RadialGradientButton.swift */ = {isa = PBXFileReference; fileEncoding = 4; lastKnownFileType = sourcecode.swift; name = RadialGradientButton.swift; path = "UI Components/RadialGradientButton.swift"; sourceTree = "<group>"; };
		BCCFBE971D1FAA6200A981CB /* RadialGradientColor.swift */ = {isa = PBXFileReference; fileEncoding = 4; lastKnownFileType = sourcecode.swift; name = RadialGradientColor.swift; path = "UI Components/RadialGradientColor.swift"; sourceTree = "<group>"; };
		BCCFBE981D1FAA6200A981CB /* UIExtensions.swift */ = {isa = PBXFileReference; fileEncoding = 4; lastKnownFileType = sourcecode.swift; name = UIExtensions.swift; path = "UI Components/UIExtensions.swift"; sourceTree = "<group>"; };
/* End PBXFileReference section */

/* Begin PBXFrameworksBuildPhase section */
		BCCFBE6F1D1FA98600A981CB /* Frameworks */ = {
			isa = PBXFrameworksBuildPhase;
			buildActionMask = 2147483647;
			files = (
			);
			runOnlyForDeploymentPostprocessing = 0;
		};
/* End PBXFrameworksBuildPhase section */

/* Begin PBXGroup section */
		BCCFBE691D1FA98600A981CB = {
			isa = PBXGroup;
			children = (
				BCCFBE741D1FA98600A981CB /* WiFi-USB */,
				BCCFBE731D1FA98600A981CB /* Products */,
			);
			sourceTree = "<group>";
		};
		BCCFBE731D1FA98600A981CB /* Products */ = {
			isa = PBXGroup;
			children = (
				BCCFBE721D1FA98600A981CB /* WiFi-USB.app */,
			);
			name = Products;
			sourceTree = "<group>";
		};
		BCCFBE741D1FA98600A981CB /* WiFi-USB */ = {
			isa = PBXGroup;
			children = (
				BCCFBE881D1FAA1F00A981CB /* UI Components */,
				BCCFBE871D1FAA1900A981CB /* Model */,
				BCCFBE751D1FA98600A981CB /* AppDelegate.swift */,
				BCCFBE771D1FA98600A981CB /* ViewController.swift */,
				BCCFBE891D1FAA5100A981CB /* InfoViewController.swift */,
				BCCFBE791D1FA98600A981CB /* Main.storyboard */,
				BCCFBE7C1D1FA98600A981CB /* Assets.xcassets */,
				BCCFBE7E1D1FA98600A981CB /* LaunchScreen.storyboard */,
				BCCFBE811D1FA98600A981CB /* Info.plist */,
			);
			path = "WiFi-USB";
			sourceTree = "<group>";
		};
		BCCFBE871D1FAA1900A981CB /* Model */ = {
			isa = PBXGroup;
			children = (
				BCCFBE8B1D1FAA5800A981CB /* ColorPalette.swift */,
				BCCFBE8C1D1FAA5800A981CB /* JsonResponse.swift */,
				BCCFBE8D1D1FAA5800A981CB /* Reachability.swift */,
				BCCFBE8E1D1FAA5800A981CB /* WiFiUSBNetworker.swift */,
			);
			name = Model;
			sourceTree = "<group>";
		};
		BCCFBE881D1FAA1F00A981CB /* UI Components */ = {
			isa = PBXGroup;
			children = (
				BCCFBE931D1FAA6200A981CB /* FadeLabel.swift */,
				BCCFBE941D1FAA6200A981CB /* GlowingButton.swift */,
				BCCFBE951D1FAA6200A981CB /* HyperlinkLabel.swift */,
				BCCFBE961D1FAA6200A981CB /* RadialGradientButton.swift */,
				BCCFBE971D1FAA6200A981CB /* RadialGradientColor.swift */,
				BCCFBE981D1FAA6200A981CB /* UIExtensions.swift */,
			);
			name = "UI Components";
			sourceTree = "<group>";
		};
/* End PBXGroup section */

/* Begin PBXNativeTarget section */
		BCCFBE711D1FA98600A981CB /* WiFi-USB */ = {
			isa = PBXNativeTarget;
			buildConfigurationList = BCCFBE841D1FA98600A981CB /* Build configuration list for PBXNativeTarget "WiFi-USB" */;
			buildPhases = (
				BCCFBE6E1D1FA98600A981CB /* Sources */,
				BCCFBE6F1D1FA98600A981CB /* Frameworks */,
				BCCFBE701D1FA98600A981CB /* Resources */,
			);
			buildRules = (
			);
			dependencies = (
			);
			name = "WiFi-USB";
			productName = "WiFi-USB";
			productReference = BCCFBE721D1FA98600A981CB /* WiFi-USB.app */;
			productType = "com.apple.product-type.application";
		};
/* End PBXNativeTarget section */

/* Begin PBXProject section */
		BCCFBE6A1D1FA98600A981CB /* Project object */ = {
			isa = PBXProject;
			attributes = {
				LastSwiftUpdateCheck = 0730;
				LastUpgradeCheck = 0730;
				ORGANIZATIONNAME = "Brandon Groff";
				TargetAttributes = {
					BCCFBE711D1FA98600A981CB = {
						CreatedOnToolsVersion = 7.3.1;
					};
				};
			};
			buildConfigurationList = BCCFBE6D1D1FA98600A981CB /* Build configuration list for PBXProject "WiFi-USB" */;
			compatibilityVersion = "Xcode 3.2";
			developmentRegion = English;
			hasScannedForEncodings = 0;
			knownRegions = (
				en,
				Base,
			);
			mainGroup = BCCFBE691D1FA98600A981CB;
			productRefGroup = BCCFBE731D1FA98600A981CB /* Products */;
			projectDirPath = "";
			projectRoot = "";
			targets = (
				BCCFBE711D1FA98600A981CB /* WiFi-USB */,
			);
		};
/* End PBXProject section */

/* Begin PBXResourcesBuildPhase section */
		BCCFBE701D1FA98600A981CB /* Resources */ = {
			isa = PBXResourcesBuildPhase;
			buildActionMask = 2147483647;
			files = (
				BCCFBE801D1FA98600A981CB /* LaunchScreen.storyboard in Resources */,
				BCCFBE7D1D1FA98600A981CB /* Assets.xcassets in Resources */,
				BCCFBE7B1D1FA98600A981CB /* Main.storyboard in Resources */,
			);
			runOnlyForDeploymentPostprocessing = 0;
		};
/* End PBXResourcesBuildPhase section */

/* Begin PBXSourcesBuildPhase section */
		BCCFBE6E1D1FA98600A981CB /* Sources */ = {
			isa = PBXSourcesBuildPhase;
			buildActionMask = 2147483647;
			files = (
				BCCFBE781D1FA98600A981CB /* ViewController.swift in Sources */,
				BCCFBE901D1FAA5800A981CB /* JsonResponse.swift in Sources */,
				BCCFBE9E1D1FAA6200A981CB /* UIExtensions.swift in Sources */,
				BCCFBE991D1FAA6200A981CB /* FadeLabel.swift in Sources */,
				BCCFBE911D1FAA5800A981CB /* Reachability.swift in Sources */,
				BCCFBE921D1FAA5800A981CB /* WiFiUSBNetworker.swift in Sources */,
				BCCFBE8A1D1FAA5100A981CB /* InfoViewController.swift in Sources */,
				BCCFBE9D1D1FAA6200A981CB /* RadialGradientColor.swift in Sources */,
				BCCFBE9A1D1FAA6200A981CB /* GlowingButton.swift in Sources */,
				BCCFBE9B1D1FAA6200A981CB /* HyperlinkLabel.swift in Sources */,
				BCCFBE761D1FA98600A981CB /* AppDelegate.swift in Sources */,
				BCCFBE9C1D1FAA6200A981CB /* RadialGradientButton.swift in Sources */,
				BCCFBE8F1D1FAA5800A981CB /* ColorPalette.swift in Sources */,
			);
			runOnlyForDeploymentPostprocessing = 0;
		};
/* End PBXSourcesBuildPhase section */

/* Begin PBXVariantGroup section */
		BCCFBE791D1FA98600A981CB /* Main.storyboard */ = {
			isa = PBXVariantGroup;
			children = (
				BCCFBE7A1D1FA98600A981CB /* Base */,
			);
			name = Main.storyboard;
			sourceTree = "<group>";
		};
		BCCFBE7E1D1FA98600A981CB /* LaunchScreen.storyboard */ = {
			isa = PBXVariantGroup;
			children = (
				BCCFBE7F1D1FA98600A981CB /* Base */,
			);
			name = LaunchScreen.storyboard;
			sourceTree = "<group>";
		};
/* End PBXVariantGroup section */

/* Begin XCBuildConfiguration section */
		BCCFBE821D1FA98600A981CB /* Debug */ = {
			isa = XCBuildConfiguration;
			buildSettings = {
				ALWAYS_SEARCH_USER_PATHS = NO;
				CLANG_ANALYZER_NONNULL = YES;
				CLANG_CXX_LANGUAGE_STANDARD = "gnu++0x";
				CLANG_CXX_LIBRARY = "libc++";
				CLANG_ENABLE_MODULES = YES;
				CLANG_ENABLE_OBJC_ARC = YES;
				CLANG_WARN_BOOL_CONVERSION = YES;
				CLANG_WARN_CONSTANT_CONVERSION = YES;
				CLANG_WARN_DIRECT_OBJC_ISA_USAGE = YES_ERROR;
				CLANG_WARN_EMPTY_BODY = YES;
				CLANG_WARN_ENUM_CONVERSION = YES;
				CLANG_WARN_INT_CONVERSION = YES;
				CLANG_WARN_OBJC_ROOT_CLASS = YES_ERROR;
				CLANG_WARN_UNREACHABLE_CODE = YES;
				CLANG_WARN__DUPLICATE_METHOD_MATCH = YES;
				"CODE_SIGN_IDENTITY[sdk=iphoneos*]" = "iPhone Developer";
				COPY_PHASE_STRIP = NO;
				DEBUG_INFORMATION_FORMAT = dwarf;
				ENABLE_STRICT_OBJC_MSGSEND = YES;
				ENABLE_TESTABILITY = YES;
				GCC_C_LANGUAGE_STANDARD = gnu99;
				GCC_DYNAMIC_NO_PIC = NO;
				GCC_NO_COMMON_BLOCKS = YES;
				GCC_OPTIMIZATION_LEVEL = 0;
				GCC_PREPROCESSOR_DEFINITIONS = (
					"DEBUG=1",
					"$(inherited)",
				);
				GCC_WARN_64_TO_32_BIT_CONVERSION = YES;
				GCC_WARN_ABOUT_RETURN_TYPE = YES_ERROR;
				GCC_WARN_UNDECLARED_SELECTOR = YES;
				GCC_WARN_UNINITIALIZED_AUTOS = YES_AGGRESSIVE;
				GCC_WARN_UNUSED_FUNCTION = YES;
				GCC_WARN_UNUSED_VARIABLE = YES;
				IPHONEOS_DEPLOYMENT_TARGET = 9.3;
				MTL_ENABLE_DEBUG_INFO = YES;
				ONLY_ACTIVE_ARCH = YES;
				SDKROOT = iphoneos;
				SWIFT_OPTIMIZATION_LEVEL = "-Onone";
				TARGETED_DEVICE_FAMILY = "1,2";
			};
			name = Debug;
		};
		BCCFBE831D1FA98600A981CB /* Release */ = {
			isa = XCBuildConfiguration;
			buildSettings = {
				ALWAYS_SEARCH_USER_PATHS = NO;
				CLANG_ANALYZER_NONNULL = YES;
				CLANG_CXX_LANGUAGE_STANDARD = "gnu++0x";
				CLANG_CXX_LIBRARY = "libc++";
				CLANG_ENABLE_MODULES = YES;
				CLANG_ENABLE_OBJC_ARC = YES;
				CLANG_WARN_BOOL_CONVERSION = YES;
				CLANG_WARN_CONSTANT_CONVERSION = YES;
				CLANG_WARN_DIRECT_OBJC_ISA_USAGE = YES_ERROR;
				CLANG_WARN_EMPTY_BODY = YES;
				CLANG_WARN_ENUM_CONVERSION = YES;
				CLANG_WARN_INT_CONVERSION = YES;
				CLANG_WARN_OBJC_ROOT_CLASS = YES_ERROR;
				CLANG_WARN_UNREACHABLE_CODE = YES;
				CLANG_WARN__DUPLICATE_METHOD_MATCH = YES;
				"CODE_SIGN_IDENTITY[sdk=iphoneos*]" = "iPhone Developer";
				COPY_PHASE_STRIP = NO;
				DEBUG_INFORMATION_FORMAT = "dwarf-with-dsym";
				ENABLE_NS_ASSERTIONS = NO;
				ENABLE_STRICT_OBJC_MSGSEND = YES;
				GCC_C_LANGUAGE_STANDARD = gnu99;
				GCC_NO_COMMON_BLOCKS = YES;
				GCC_WARN_64_TO_32_BIT_CONVERSION = YES;
				GCC_WARN_ABOUT_RETURN_TYPE = YES_ERROR;
				GCC_WARN_UNDECLARED_SELECTOR = YES;
				GCC_WARN_UNINITIALIZED_AUTOS = YES_AGGRESSIVE;
				GCC_WARN_UNUSED_FUNCTION = YES;
				GCC_WARN_UNUSED_VARIABLE = YES;
				IPHONEOS_DEPLOYMENT_TARGET = 9.3;
				MTL_ENABLE_DEBUG_INFO = NO;
				SDKROOT = iphoneos;
				TARGETED_DEVICE_FAMILY = "1,2";
				VALIDATE_PRODUCT = YES;
			};
			name = Release;
		};
		BCCFBE851D1FA98600A981CB /* Debug */ = {
			isa = XCBuildConfiguration;
			buildSettings = {
				ASSETCATALOG_COMPILER_APPICON_NAME = AppIcon;
				CODE_SIGN_IDENTITY = "iPhone Developer";
				INFOPLIST_FILE = "WiFi-USB/Info.plist";
				LD_RUNPATH_SEARCH_PATHS = "$(inherited) @executable_path/Frameworks";
				PRODUCT_BUNDLE_IDENTIFIER = "Brandon-Groff.WiFi-USB";
				PRODUCT_NAME = "$(TARGET_NAME)";
			};
			name = Debug;
		};
		BCCFBE861D1FA98600A981CB /* Release */ = {
			isa = XCBuildConfiguration;
			buildSettings = {
				ASSETCATALOG_COMPILER_APPICON_NAME = AppIcon;
				CODE_SIGN_IDENTITY = "iPhone Developer";
				INFOPLIST_FILE = "WiFi-USB/Info.plist";
				LD_RUNPATH_SEARCH_PATHS = "$(inherited) @executable_path/Frameworks";
				PRODUCT_BUNDLE_IDENTIFIER = "Brandon-Groff.WiFi-USB";
				PRODUCT_NAME = "$(TARGET_NAME)";
			};
			name = Release;
		};
/* End XCBuildConfiguration section */

/* Begin XCConfigurationList section */
		BCCFBE6D1D1FA98600A981CB /* Build configuration list for PBXProject "WiFi-USB" */ = {
			isa = XCConfigurationList;
			buildConfigurations = (
				BCCFBE821D1FA98600A981CB /* Debug */,
				BCCFBE831D1FA98600A981CB /* Release */,
			);
			defaultConfigurationIsVisible = 0;
			defaultConfigurationName = Release;
		};
		BCCFBE841D1FA98600A981CB /* Build configuration list for PBXNativeTarget "WiFi-USB" */ = {
			isa = XCConfigurationList;
			buildConfigurations = (
				BCCFBE851D1FA98600A981CB /* Debug */,
				BCCFBE861D1FA98600A981CB /* Release */,
			);
			defaultConfigurationIsVisible = 0;
			defaultConfigurationName = Release;
		};
/* End XCConfigurationList section */
	};
	rootObject = BCCFBE6A1D1FA98600A981CB /* Project object */;
}
