// !$*UTF8*$!
{
	archiveVersion = 1;
	classes = {
	};
	objectVersion = 46;
	objects = {

/* Begin PBXBuildFile section */
		BC4167D71D1CD65E00C39115 /* WiFiUSBNetworker.swift in Sources */ = {isa = PBXBuildFile; fileRef = BC4167D61D1CD65E00C39115 /* WiFiUSBNetworker.swift */; };
		BC4167D91D1CD6B500C39115 /* JsonResponse.swift in Sources */ = {isa = PBXBuildFile; fileRef = BC4167D81D1CD6B500C39115 /* JsonResponse.swift */; };
		BC54FB6C1D1CC25800BF1AAC /* ColorPalette.swift in Sources */ = {isa = PBXBuildFile; fileRef = BC54FB6B1D1CC25800BF1AAC /* ColorPalette.swift */; };
		BC61EE071D1CBE6100373D28 /* AppDelegate.swift in Sources */ = {isa = PBXBuildFile; fileRef = BC61EE061D1CBE6100373D28 /* AppDelegate.swift */; };
		BC61EE091D1CBE6100373D28 /* ViewController.swift in Sources */ = {isa = PBXBuildFile; fileRef = BC61EE081D1CBE6100373D28 /* ViewController.swift */; };
		BC61EE0C1D1CBE6100373D28 /* Main.storyboard in Resources */ = {isa = PBXBuildFile; fileRef = BC61EE0A1D1CBE6100373D28 /* Main.storyboard */; };
		BC61EE0E1D1CBE6100373D28 /* Assets.xcassets in Resources */ = {isa = PBXBuildFile; fileRef = BC61EE0D1D1CBE6100373D28 /* Assets.xcassets */; };
		BC61EE111D1CBE6100373D28 /* LaunchScreen.storyboard in Resources */ = {isa = PBXBuildFile; fileRef = BC61EE0F1D1CBE6100373D28 /* LaunchScreen.storyboard */; };
/* End PBXBuildFile section */

/* Begin PBXFileReference section */
		BC4167D61D1CD65E00C39115 /* WiFiUSBNetworker.swift */ = {isa = PBXFileReference; fileEncoding = 4; lastKnownFileType = sourcecode.swift; name = WiFiUSBNetworker.swift; path = Model/WiFiUSBNetworker.swift; sourceTree = "<group>"; };
		BC4167D81D1CD6B500C39115 /* JsonResponse.swift */ = {isa = PBXFileReference; fileEncoding = 4; lastKnownFileType = sourcecode.swift; name = JsonResponse.swift; path = Model/JsonResponse.swift; sourceTree = "<group>"; };
		BC54FB6B1D1CC25800BF1AAC /* ColorPalette.swift */ = {isa = PBXFileReference; fileEncoding = 4; lastKnownFileType = sourcecode.swift; name = ColorPalette.swift; path = Model/ColorPalette.swift; sourceTree = "<group>"; };
		BC61EE031D1CBE6100373D28 /* WiFi-USB.app */ = {isa = PBXFileReference; explicitFileType = wrapper.application; includeInIndex = 0; path = "WiFi-USB.app"; sourceTree = BUILT_PRODUCTS_DIR; };
		BC61EE061D1CBE6100373D28 /* AppDelegate.swift */ = {isa = PBXFileReference; lastKnownFileType = sourcecode.swift; path = AppDelegate.swift; sourceTree = "<group>"; };
		BC61EE081D1CBE6100373D28 /* ViewController.swift */ = {isa = PBXFileReference; lastKnownFileType = sourcecode.swift; path = ViewController.swift; sourceTree = "<group>"; };
		BC61EE0B1D1CBE6100373D28 /* Base */ = {isa = PBXFileReference; lastKnownFileType = file.storyboard; name = Base; path = Base.lproj/Main.storyboard; sourceTree = "<group>"; };
		BC61EE0D1D1CBE6100373D28 /* Assets.xcassets */ = {isa = PBXFileReference; lastKnownFileType = folder.assetcatalog; path = Assets.xcassets; sourceTree = "<group>"; };
		BC61EE101D1CBE6100373D28 /* Base */ = {isa = PBXFileReference; lastKnownFileType = file.storyboard; name = Base; path = Base.lproj/LaunchScreen.storyboard; sourceTree = "<group>"; };
		BC61EE121D1CBE6100373D28 /* Info.plist */ = {isa = PBXFileReference; lastKnownFileType = text.plist.xml; path = Info.plist; sourceTree = "<group>"; };
/* End PBXFileReference section */

/* Begin PBXFrameworksBuildPhase section */
		BC61EE001D1CBE6100373D28 /* Frameworks */ = {
			isa = PBXFrameworksBuildPhase;
			buildActionMask = 2147483647;
			files = (
			);
			runOnlyForDeploymentPostprocessing = 0;
		};
/* End PBXFrameworksBuildPhase section */

/* Begin PBXGroup section */
		BC54FB6A1D1CC23700BF1AAC /* Model */ = {
			isa = PBXGroup;
			children = (
				BC54FB6B1D1CC25800BF1AAC /* ColorPalette.swift */,
				BC4167D61D1CD65E00C39115 /* WiFiUSBNetworker.swift */,
				BC4167D81D1CD6B500C39115 /* JsonResponse.swift */,
			);
			name = Model;
			sourceTree = "<group>";
		};
		BC61EDFA1D1CBE6100373D28 = {
			isa = PBXGroup;
			children = (
				BC61EE051D1CBE6100373D28 /* WiFi-USB */,
				BC61EE041D1CBE6100373D28 /* Products */,
			);
			sourceTree = "<group>";
		};
		BC61EE041D1CBE6100373D28 /* Products */ = {
			isa = PBXGroup;
			children = (
				BC61EE031D1CBE6100373D28 /* WiFi-USB.app */,
			);
			name = Products;
			sourceTree = "<group>";
		};
		BC61EE051D1CBE6100373D28 /* WiFi-USB */ = {
			isa = PBXGroup;
			children = (
				BC61EE061D1CBE6100373D28 /* AppDelegate.swift */,
				BC61EE081D1CBE6100373D28 /* ViewController.swift */,
				BC54FB6A1D1CC23700BF1AAC /* Model */,
				BC61EE0A1D1CBE6100373D28 /* Main.storyboard */,
				BC61EE0D1D1CBE6100373D28 /* Assets.xcassets */,
				BC61EE0F1D1CBE6100373D28 /* LaunchScreen.storyboard */,
				BC61EE121D1CBE6100373D28 /* Info.plist */,
			);
			path = "WiFi-USB";
			sourceTree = "<group>";
		};
/* End PBXGroup section */

/* Begin PBXNativeTarget section */
		BC61EE021D1CBE6100373D28 /* WiFi-USB */ = {
			isa = PBXNativeTarget;
			buildConfigurationList = BC61EE151D1CBE6100373D28 /* Build configuration list for PBXNativeTarget "WiFi-USB" */;
			buildPhases = (
				BC61EDFF1D1CBE6100373D28 /* Sources */,
				BC61EE001D1CBE6100373D28 /* Frameworks */,
				BC61EE011D1CBE6100373D28 /* Resources */,
			);
			buildRules = (
			);
			dependencies = (
			);
			name = "WiFi-USB";
			productName = "WiFi-USB";
			productReference = BC61EE031D1CBE6100373D28 /* WiFi-USB.app */;
			productType = "com.apple.product-type.application";
		};
/* End PBXNativeTarget section */

/* Begin PBXProject section */
		BC61EDFB1D1CBE6100373D28 /* Project object */ = {
			isa = PBXProject;
			attributes = {
				LastSwiftUpdateCheck = 0730;
				LastUpgradeCheck = 0730;
				ORGANIZATIONNAME = "Brandon Groff";
				TargetAttributes = {
					BC61EE021D1CBE6100373D28 = {
						CreatedOnToolsVersion = 7.3.1;
					};
				};
			};
			buildConfigurationList = BC61EDFE1D1CBE6100373D28 /* Build configuration list for PBXProject "WiFi-USB" */;
			compatibilityVersion = "Xcode 3.2";
			developmentRegion = English;
			hasScannedForEncodings = 0;
			knownRegions = (
				en,
				Base,
			);
			mainGroup = BC61EDFA1D1CBE6100373D28;
			productRefGroup = BC61EE041D1CBE6100373D28 /* Products */;
			projectDirPath = "";
			projectRoot = "";
			targets = (
				BC61EE021D1CBE6100373D28 /* WiFi-USB */,
			);
		};
/* End PBXProject section */

/* Begin PBXResourcesBuildPhase section */
		BC61EE011D1CBE6100373D28 /* Resources */ = {
			isa = PBXResourcesBuildPhase;
			buildActionMask = 2147483647;
			files = (
				BC61EE111D1CBE6100373D28 /* LaunchScreen.storyboard in Resources */,
				BC61EE0E1D1CBE6100373D28 /* Assets.xcassets in Resources */,
				BC61EE0C1D1CBE6100373D28 /* Main.storyboard in Resources */,
			);
			runOnlyForDeploymentPostprocessing = 0;
		};
/* End PBXResourcesBuildPhase section */

/* Begin PBXSourcesBuildPhase section */
		BC61EDFF1D1CBE6100373D28 /* Sources */ = {
			isa = PBXSourcesBuildPhase;
			buildActionMask = 2147483647;
			files = (
				BC61EE091D1CBE6100373D28 /* ViewController.swift in Sources */,
				BC4167D91D1CD6B500C39115 /* JsonResponse.swift in Sources */,
				BC61EE071D1CBE6100373D28 /* AppDelegate.swift in Sources */,
				BC54FB6C1D1CC25800BF1AAC /* ColorPalette.swift in Sources */,
				BC4167D71D1CD65E00C39115 /* WiFiUSBNetworker.swift in Sources */,
			);
			runOnlyForDeploymentPostprocessing = 0;
		};
/* End PBXSourcesBuildPhase section */

/* Begin PBXVariantGroup section */
		BC61EE0A1D1CBE6100373D28 /* Main.storyboard */ = {
			isa = PBXVariantGroup;
			children = (
				BC61EE0B1D1CBE6100373D28 /* Base */,
			);
			name = Main.storyboard;
			sourceTree = "<group>";
		};
		BC61EE0F1D1CBE6100373D28 /* LaunchScreen.storyboard */ = {
			isa = PBXVariantGroup;
			children = (
				BC61EE101D1CBE6100373D28 /* Base */,
			);
			name = LaunchScreen.storyboard;
			sourceTree = "<group>";
		};
/* End PBXVariantGroup section */

/* Begin XCBuildConfiguration section */
		BC61EE131D1CBE6100373D28 /* Debug */ = {
			isa = XCBuildConfiguration;
			buildSettings = {
				ALWAYS_SEARCH_USER_PATHS = NO;
				CLANG_ANALYZER_NONNULL = YES;
				CLANG_CXX_LANGUAGE_STANDARD = "gnu++0x";
				CLANG_CXX_LIBRARY = "libc++";
				CLANG_ENABLE_MODULES = YES;
				CLANG_ENABLE_OBJC_ARC = YES;
				CLANG_WARN_BOOL_CONVERSION = YES;
				CLANG_WARN_CONSTANT_CONVERSION = YES;
				CLANG_WARN_DIRECT_OBJC_ISA_USAGE = YES_ERROR;
				CLANG_WARN_EMPTY_BODY = YES;
				CLANG_WARN_ENUM_CONVERSION = YES;
				CLANG_WARN_INT_CONVERSION = YES;
				CLANG_WARN_OBJC_ROOT_CLASS = YES_ERROR;
				CLANG_WARN_UNREACHABLE_CODE = YES;
				CLANG_WARN__DUPLICATE_METHOD_MATCH = YES;
				"CODE_SIGN_IDENTITY[sdk=iphoneos*]" = "iPhone Developer";
				COPY_PHASE_STRIP = NO;
				DEBUG_INFORMATION_FORMAT = dwarf;
				ENABLE_STRICT_OBJC_MSGSEND = YES;
				ENABLE_TESTABILITY = YES;
				GCC_C_LANGUAGE_STANDARD = gnu99;
				GCC_DYNAMIC_NO_PIC = NO;
				GCC_NO_COMMON_BLOCKS = YES;
				GCC_OPTIMIZATION_LEVEL = 0;
				GCC_PREPROCESSOR_DEFINITIONS = (
					"DEBUG=1",
					"$(inherited)",
				);
				GCC_WARN_64_TO_32_BIT_CONVERSION = YES;
				GCC_WARN_ABOUT_RETURN_TYPE = YES_ERROR;
				GCC_WARN_UNDECLARED_SELECTOR = YES;
				GCC_WARN_UNINITIALIZED_AUTOS = YES_AGGRESSIVE;
				GCC_WARN_UNUSED_FUNCTION = YES;
				GCC_WARN_UNUSED_VARIABLE = YES;
				IPHONEOS_DEPLOYMENT_TARGET = 9.3;
				MTL_ENABLE_DEBUG_INFO = YES;
				ONLY_ACTIVE_ARCH = YES;
				SDKROOT = iphoneos;
				SWIFT_OPTIMIZATION_LEVEL = "-Onone";
				TARGETED_DEVICE_FAMILY = "1,2";
			};
			name = Debug;
		};
		BC61EE141D1CBE6100373D28 /* Release */ = {
			isa = XCBuildConfiguration;
			buildSettings = {
				ALWAYS_SEARCH_USER_PATHS = NO;
				CLANG_ANALYZER_NONNULL = YES;
				CLANG_CXX_LANGUAGE_STANDARD = "gnu++0x";
				CLANG_CXX_LIBRARY = "libc++";
				CLANG_ENABLE_MODULES = YES;
				CLANG_ENABLE_OBJC_ARC = YES;
				CLANG_WARN_BOOL_CONVERSION = YES;
				CLANG_WARN_CONSTANT_CONVERSION = YES;
				CLANG_WARN_DIRECT_OBJC_ISA_USAGE = YES_ERROR;
				CLANG_WARN_EMPTY_BODY = YES;
				CLANG_WARN_ENUM_CONVERSION = YES;
				CLANG_WARN_INT_CONVERSION = YES;
				CLANG_WARN_OBJC_ROOT_CLASS = YES_ERROR;
				CLANG_WARN_UNREACHABLE_CODE = YES;
				CLANG_WARN__DUPLICATE_METHOD_MATCH = YES;
				"CODE_SIGN_IDENTITY[sdk=iphoneos*]" = "iPhone Developer";
				COPY_PHASE_STRIP = NO;
				DEBUG_INFORMATION_FORMAT = "dwarf-with-dsym";
				ENABLE_NS_ASSERTIONS = NO;
				ENABLE_STRICT_OBJC_MSGSEND = YES;
				GCC_C_LANGUAGE_STANDARD = gnu99;
				GCC_NO_COMMON_BLOCKS = YES;
				GCC_WARN_64_TO_32_BIT_CONVERSION = YES;
				GCC_WARN_ABOUT_RETURN_TYPE = YES_ERROR;
				GCC_WARN_UNDECLARED_SELECTOR = YES;
				GCC_WARN_UNINITIALIZED_AUTOS = YES_AGGRESSIVE;
				GCC_WARN_UNUSED_FUNCTION = YES;
				GCC_WARN_UNUSED_VARIABLE = YES;
				IPHONEOS_DEPLOYMENT_TARGET = 9.3;
				MTL_ENABLE_DEBUG_INFO = NO;
				SDKROOT = iphoneos;
				TARGETED_DEVICE_FAMILY = "1,2";
				VALIDATE_PRODUCT = YES;
			};
			name = Release;
		};
		BC61EE161D1CBE6100373D28 /* Debug */ = {
			isa = XCBuildConfiguration;
			buildSettings = {
				ASSETCATALOG_COMPILER_APPICON_NAME = AppIcon;
				CODE_SIGN_IDENTITY = "iPhone Developer";
				INFOPLIST_FILE = "WiFi-USB/Info.plist";
				IPHONEOS_DEPLOYMENT_TARGET = 9.0;
				LD_RUNPATH_SEARCH_PATHS = "$(inherited) @executable_path/Frameworks";
				PRODUCT_BUNDLE_IDENTIFIER = "Brandon-Groff.WiFi-USB";
				PRODUCT_NAME = "$(TARGET_NAME)";
			};
			name = Debug;
		};
		BC61EE171D1CBE6100373D28 /* Release */ = {
			isa = XCBuildConfiguration;
			buildSettings = {
				ASSETCATALOG_COMPILER_APPICON_NAME = AppIcon;
				CODE_SIGN_IDENTITY = "iPhone Developer";
				INFOPLIST_FILE = "WiFi-USB/Info.plist";
				IPHONEOS_DEPLOYMENT_TARGET = 9.0;
				LD_RUNPATH_SEARCH_PATHS = "$(inherited) @executable_path/Frameworks";
				PRODUCT_BUNDLE_IDENTIFIER = "Brandon-Groff.WiFi-USB";
				PRODUCT_NAME = "$(TARGET_NAME)";
			};
			name = Release;
		};
/* End XCBuildConfiguration section */

/* Begin XCConfigurationList section */
		BC61EDFE1D1CBE6100373D28 /* Build configuration list for PBXProject "WiFi-USB" */ = {
			isa = XCConfigurationList;
			buildConfigurations = (
				BC61EE131D1CBE6100373D28 /* Debug */,
				BC61EE141D1CBE6100373D28 /* Release */,
			);
			defaultConfigurationIsVisible = 0;
			defaultConfigurationName = Release;
		};
		BC61EE151D1CBE6100373D28 /* Build configuration list for PBXNativeTarget "WiFi-USB" */ = {
			isa = XCConfigurationList;
			buildConfigurations = (
				BC61EE161D1CBE6100373D28 /* Debug */,
				BC61EE171D1CBE6100373D28 /* Release */,
			);
			defaultConfigurationIsVisible = 0;
			defaultConfigurationName = Release;
		};
/* End XCConfigurationList section */
	};
	rootObject = BC61EDFB1D1CBE6100373D28 /* Project object */;
}
